
Microsoft Visual Studio Solution File, Format Version 12.00
# Visual Studio Version 17
VisualStudioVersion = 17.14.37314.3 d17.14
MinimumVisualStudioVersion = 10.0.40219.1
Project("{FAE04EC0-301F-11D3-BF4B-00C04F79EFBC}") = "Datatypes&Variables&Literals", "Datatypes&Variables&Literals\Datatypes&Variables&Literals.csproj", "{5B537F4E-3AC4-4D21-82E1-B0598614B917}"
EndProject
Global
	GlobalSection(SolutionConfigurationPlatforms) = preSolution
		Debug|Any CPU = Debug|Any CPU
		Release|Any CPU = Release|Any CPU
	EndGlobalSection
	GlobalSection(ProjectConfigurationPlatforms) = postSolution
		{5B537F4E-3AC4-4D21-82E1-B0598614B917}.Debug|Any CPU.ActiveCfg = Debug|Any CPU
		{5B537F4E-3AC4-4D21-82E1-B0598614B917}.Debug|Any CPU.Build.0 = Debug|Any CPU
		{5B537F4E-3AC4-4D21-82E1-B0598614B917}.Release|Any CPU.ActiveCfg = Release|Any CPU
		{5B537F4E-3AC4-4D21-82E1-B0598614B917}.Release|Any CPU.Build.0 = Release|Any CPU
	EndGlobalSection
	GlobalSection(SolutionProperties) = preSolution
		HideSolutionNode = FALSE
	EndGlobalSection
	GlobalSection(ExtensibilityGlobals) = postSolution
		SolutionGuid = {F090BB2F-79E3-49C7-9368-AC9652CC3758}
	EndGlobalSection
EndGlobal
